
Microsoft Visual Studio Solution File, Format Version 12.00
# Visual Studio 15
VisualStudioVersion = 15.0.28010.2050
MinimumVisualStudioVersion = 10.0.40219.1
Project("{FAE04EC0-301F-11D3-BF4B-00C04F79EFBC}") = "XmlLib", "XmlLib\XmlLib.csproj", "{27AF5228-AE3C-4A2B-BAD3-46863C8F0B4B}"
EndProject
Project("{FAE04EC0-301F-11D3-BF4B-00C04F79EFBC}") = "XmlLibConsole", "XmlLibConsole\XmlLibConsole.csproj", "{FA1DE82C-FE6F-40F8-9C30-32EEEDAB3CE7}"
EndProject
Project("{FAE04EC0-301F-11D3-BF4B-00C04F79EFBC}") = "XmlLib.Tests", "XmlLib.Tests\XmlLib.Tests.csproj", "{31F62CB1-5AA6-462D-A3CD-ABC9EC8CB42F}"
EndProject
Global
	GlobalSection(SolutionConfigurationPlatforms) = preSolution
		Debug|Any CPU = Debug|Any CPU
		Release|Any CPU = Release|Any CPU
	EndGlobalSection
	GlobalSection(ProjectConfigurationPlatforms) = postSolution
		{27AF5228-AE3C-4A2B-BAD3-46863C8F0B4B}.Debug|Any CPU.ActiveCfg = Debug|Any CPU
		{27AF5228-AE3C-4A2B-BAD3-46863C8F0B4B}.Debug|Any CPU.Build.0 = Debug|Any CPU
		{27AF5228-AE3C-4A2B-BAD3-46863C8F0B4B}.Release|Any CPU.ActiveCfg = Release|Any CPU
		{27AF5228-AE3C-4A2B-BAD3-46863C8F0B4B}.Release|Any CPU.Build.0 = Release|Any CPU
		{FA1DE82C-FE6F-40F8-9C30-32EEEDAB3CE7}.Debug|Any CPU.ActiveCfg = Debug|Any CPU
		{FA1DE82C-FE6F-40F8-9C30-32EEEDAB3CE7}.Debug|Any CPU.Build.0 = Debug|Any CPU
		{FA1DE82C-FE6F-40F8-9C30-32EEEDAB3CE7}.Release|Any CPU.ActiveCfg = Release|Any CPU
		{FA1DE82C-FE6F-40F8-9C30-32EEEDAB3CE7}.Release|Any CPU.Build.0 = Release|Any CPU
		{31F62CB1-5AA6-462D-A3CD-ABC9EC8CB42F}.Debug|Any CPU.ActiveCfg = Debug|Any CPU
		{31F62CB1-5AA6-462D-A3CD-ABC9EC8CB42F}.Debug|Any CPU.Build.0 = Debug|Any CPU
		{31F62CB1-5AA6-462D-A3CD-ABC9EC8CB42F}.Release|Any CPU.ActiveCfg = Release|Any CPU
		{31F62CB1-5AA6-462D-A3CD-ABC9EC8CB42F}.Release|Any CPU.Build.0 = Release|Any CPU
	EndGlobalSection
	GlobalSection(SolutionProperties) = preSolution
		HideSolutionNode = FALSE
	EndGlobalSection
	GlobalSection(ExtensibilityGlobals) = postSolution
		SolutionGuid = {06C17312-8551-4F00-AC82-611F4CA6E6F3}
	EndGlobalSection
EndGlobal
